
Microsoft Visual Studio Solution File, Format Version 12.00
# Visual Studio Version 16
VisualStudioVersion = 16.0.29926.136
MinimumVisualStudioVersion = 10.0.40219.1
Project("{FAE04EC0-301F-11D3-BF4B-00C04F79EFBC}") = "Base.Data", "Base.Data\Base.Data.csproj", "{653781A2-F4DC-4A99-91F7-E72191658275}"
EndProject
Global
	GlobalSection(SolutionConfigurationPlatforms) = preSolution
		Debug|Any CPU = Debug|Any CPU
		Release|Any CPU = Release|Any CPU
	EndGlobalSection
	GlobalSection(ProjectConfigurationPlatforms) = postSolution
		{653781A2-F4DC-4A99-91F7-E72191658275}.Debug|Any CPU.ActiveCfg = Debug|Any CPU
		{653781A2-F4DC-4A99-91F7-E72191658275}.Debug|Any CPU.Build.0 = Debug|Any CPU
		{653781A2-F4DC-4A99-91F7-E72191658275}.Release|Any CPU.ActiveCfg = Release|Any CPU
		{653781A2-F4DC-4A99-91F7-E72191658275}.Release|Any CPU.Build.0 = Release|Any CPU
	EndGlobalSection
	GlobalSection(SolutionProperties) = preSolution
		HideSolutionNode = FALSE
	EndGlobalSection
	GlobalSection(ExtensibilityGlobals) = postSolution
		SolutionGuid = {764579A4-47ED-4ECD-8A3C-FCE5F3D39A92}
	EndGlobalSection
EndGlobal
